Microsoft Visual Studio Solution File, Format Version 11.00
# Visual Studio 2008


Global
	GlobalSection(SolutionConfigurationPlatforms) = preSolution
		Debug|Any CPU = Debug|Any CPU
		Release|Any CPU = Release|Any CPU
	EndGlobalSection
	GlobalSection(ProjectConfigurationPlatforms) = postSolution

	EndGlobalSection
	GlobalSection(SolutionProperties) = preSolution
		HideSolutionNode = FALSE
	EndGlobalSection
																																														GlobalSection(MonoDevelopProperties) = preSolution
=======
<<<<<<< HEAD
<<<<<<< HEAD
=======
>>>>>>> parent of a66ee47... unity is dumb
																																								GlobalSection(MonoDevelopProperties) = preSolution
=======
<<<<<<< HEAD
																																	GlobalSection(MonoDevelopProperties) = preSolution
=======
																																GlobalSection(MonoDevelopProperties) = preSolution
>>>>>>> origin/master
>>>>>>> origin/master
=======
<<<<<<< HEAD
																														GlobalSection(MonoDevelopProperties) = preSolution
>>>>>>> parent of 2cb3f7d... put together v3
>>>>>>> origin/master
=======
=======
>>>>>>> parent of a66ee47... unity is dumb
<<<<<<< HEAD
																													GlobalSection(MonoDevelopProperties) = preSolution
=======
																															GlobalSection(MonoDevelopProperties) = preSolution
>>>>>>> origin/master
>>>>>>> origin/master
=======
<<<<<<< HEAD
															GlobalSection(MonoDevelopProperties) = preSolution
=======
																GlobalSection(MonoDevelopProperties) = preSolution
>>>>>>> origin/master
>>>>>>> origin/master
=======
												GlobalSection(MonoDevelopProperties) = preSolution
>>>>>>> origin/master
=======
<<<<<<< HEAD
<<<<<<< HEAD
			GlobalSection(MonoDevelopProperties) = preSolution
=======
						GlobalSection(MonoDevelopProperties) = preSolution
>>>>>>> 98a3a34a97ff9170ac94337e65ec3dbfc2931216
=======
					GlobalSection(MonoDevelopProperties) = preSolution
=======
								GlobalSection(MonoDevelopProperties) = preSolution
>>>>>>> 2bb8565b1885b803cd5c011828d0f841c4cf560f
>>>>>>> origin/master
=======
			GlobalSection(MonoDevelopProperties) = preSolution
>>>>>>> origin/master
>>>>>>> origin/master
		StartupItem = Assembly-CSharp.csproj
		Policies = $0
		$0.TextStylePolicy = $1
		$1.inheritsSet = null
		$1.scope = text/x-csharp
		$0.CSharpFormattingPolicy = $2
		$2.inheritsSet = Mono
		$2.inheritsScope = text/x-csharp
		$2.scope = text/x-csharp
		$0.TextStylePolicy = $3
		$3.FileWidth = 120
		$3.TabWidth = 4
		$3.EolMarker = Unix
		$3.inheritsSet = Mono
		$3.inheritsScope = text/plain
		$3.scope = text/plain
	EndGlobalSection

EndGlobal
